
Microsoft Visual Studio Solution File, Format Version 12.00
# Visual Studio 15
VisualStudioVersion = 15.0.28010.2046
MinimumVisualStudioVersion = 10.0.40219.1
Project("{2150E333-8FDC-42A3-9474-1A3956D46DE8}") = "DataAcees-Layer", "DataAcees-Layer", "{D5831AB2-02F1-4059-8E49-4533A714B47E}"
EndProject
Project("{9A19103F-16F7-4668-BE54-9A1E7A4F7556}") = "Entity.Models", "Entity.Models\Entity.Models.csproj", "{807BA857-1355-4FA7-BA6C-4C171C37A979}"
EndProject
Project("{9A19103F-16F7-4668-BE54-9A1E7A4F7556}") = "Persistency.Implementations", "Persistency.Implementations\Persistency.Implementations.csproj", "{B1620127-92B7-4245-99E2-A6CEB4EF1428}"
	ProjectSection(ProjectDependencies) = postProject
		{4EE7BF4C-7476-4AD4-8782-560146B1A281} = {4EE7BF4C-7476-4AD4-8782-560146B1A281}
		{DA8F444D-2767-46CD-AD4A-F8B8BC187BDC} = {DA8F444D-2767-46CD-AD4A-F8B8BC187BDC}
		{DDBC4DE8-B165-480A-8178-CB1D6060CCAE} = {DDBC4DE8-B165-480A-8178-CB1D6060CCAE}
	EndProjectSection
EndProject
Project("{2150E333-8FDC-42A3-9474-1A3956D46DE8}") = "Presentation-Layer", "Presentation-Layer", "{0D47EDE0-0839-4B14-BFD4-A7048D87456F}"
EndProject
Project("{9A19103F-16F7-4668-BE54-9A1E7A4F7556}") = "Persistency.Mappings", "Persistency.Mappings\Persistency.Mappings.csproj", "{DDBC4DE8-B165-480A-8178-CB1D6060CCAE}"
	ProjectSection(ProjectDependencies) = postProject
		{DA8F444D-2767-46CD-AD4A-F8B8BC187BDC} = {DA8F444D-2767-46CD-AD4A-F8B8BC187BDC}
		{807BA857-1355-4FA7-BA6C-4C171C37A979} = {807BA857-1355-4FA7-BA6C-4C171C37A979}
	EndProjectSection
EndProject
Project("{9A19103F-16F7-4668-BE54-9A1E7A4F7556}") = "Persistency.Contracts", "Persistency.Contracts\Persistency.Contracts.csproj", "{DA8F444D-2767-46CD-AD4A-F8B8BC187BDC}"
EndProject
Project("{9A19103F-16F7-4668-BE54-9A1E7A4F7556}") = "TripPlanner.Api", "TripPlanner.Api\TripPlanner.Api.csproj", "{C7D988DE-28B1-4C32-B15F-2A11A4167C7D}"
	ProjectSection(ProjectDependencies) = postProject
		{45BE1E21-1614-4C06-90EF-8BD94062C997} = {45BE1E21-1614-4C06-90EF-8BD94062C997}
		{DA8F444D-2767-46CD-AD4A-F8B8BC187BDC} = {DA8F444D-2767-46CD-AD4A-F8B8BC187BDC}
		{BC14DD4D-AE06-4D3D-89DC-BAA475DE9324} = {BC14DD4D-AE06-4D3D-89DC-BAA475DE9324}
	EndProjectSection
EndProject
Project("{2150E333-8FDC-42A3-9474-1A3956D46DE8}") = "Business-Layer", "Business-Layer", "{1A586AF8-BABC-4735-936E-7C87CD085EF6}"
EndProject
Project("{9A19103F-16F7-4668-BE54-9A1E7A4F7556}") = "Cqrs.Service", "Cqrs.Service\Cqrs.Service.csproj", "{BC14DD4D-AE06-4D3D-89DC-BAA475DE9324}"
EndProject
Project("{9A19103F-16F7-4668-BE54-9A1E7A4F7556}") = "DomainModels", "DomainModels\DomainModels.csproj", "{A7D2E2CC-5330-43CE-AE89-0B3D1E857025}"
EndProject
Project("{9A19103F-16F7-4668-BE54-9A1E7A4F7556}") = "Repositories.Contracts", "Repositories.Contracts\Repositories.Contracts.csproj", "{4EE7BF4C-7476-4AD4-8782-560146B1A281}"
EndProject
Project("{9A19103F-16F7-4668-BE54-9A1E7A4F7556}") = "TripPlanner.Web", "TripPlanner.Web\TripPlanner.Web.csproj", "{8D85F575-2029-4C6E-8211-248C64A0849E}"
EndProject
Project("{9A19103F-16F7-4668-BE54-9A1E7A4F7556}") = "Common", "Common\Common.csproj", "{45BE1E21-1614-4C06-90EF-8BD94062C997}"
EndProject
Project("{9A19103F-16F7-4668-BE54-9A1E7A4F7556}") = "Repositories.Implementations", "Repositories.Implementations\Repositories.Implementations.csproj", "{6C4000AB-6802-4630-B9C6-F350A19EE215}"
	ProjectSection(ProjectDependencies) = postProject
		{B1620127-92B7-4245-99E2-A6CEB4EF1428} = {B1620127-92B7-4245-99E2-A6CEB4EF1428}
		{4EE7BF4C-7476-4AD4-8782-560146B1A281} = {4EE7BF4C-7476-4AD4-8782-560146B1A281}
		{807BA857-1355-4FA7-BA6C-4C171C37A979} = {807BA857-1355-4FA7-BA6C-4C171C37A979}
	EndProjectSection
EndProject
Project("{2150E333-8FDC-42A3-9474-1A3956D46DE8}") = "Tests", "Tests", "{70EDD87A-477E-407E-9CB4-09B3B277EF89}"
EndProject
Project("{FAE04EC0-301F-11D3-BF4B-00C04F79EFBC}") = "Unit.Tests", "Unit.Tests\Unit.Tests.csproj", "{8CE3F294-35BC-46F0-836A-8FDD4D364B3E}"
EndProject
Global
	GlobalSection(SolutionConfigurationPlatforms) = preSolution
		Debug|Any CPU = Debug|Any CPU
		Release|Any CPU = Release|Any CPU
	EndGlobalSection
	GlobalSection(ProjectConfigurationPlatforms) = postSolution
		{807BA857-1355-4FA7-BA6C-4C171C37A979}.Debug|Any CPU.ActiveCfg = Debug|Any CPU
		{807BA857-1355-4FA7-BA6C-4C171C37A979}.Debug|Any CPU.Build.0 = Debug|Any CPU
		{807BA857-1355-4FA7-BA6C-4C171C37A979}.Release|Any CPU.ActiveCfg = Release|Any CPU
		{807BA857-1355-4FA7-BA6C-4C171C37A979}.Release|Any CPU.Build.0 = Release|Any CPU
		{B1620127-92B7-4245-99E2-A6CEB4EF1428}.Debug|Any CPU.ActiveCfg = Debug|Any CPU
		{B1620127-92B7-4245-99E2-A6CEB4EF1428}.Debug|Any CPU.Build.0 = Debug|Any CPU
		{B1620127-92B7-4245-99E2-A6CEB4EF1428}.Release|Any CPU.ActiveCfg = Release|Any CPU
		{B1620127-92B7-4245-99E2-A6CEB4EF1428}.Release|Any CPU.Build.0 = Release|Any CPU
		{DDBC4DE8-B165-480A-8178-CB1D6060CCAE}.Debug|Any CPU.ActiveCfg = Debug|Any CPU
		{DDBC4DE8-B165-480A-8178-CB1D6060CCAE}.Debug|Any CPU.Build.0 = Debug|Any CPU
		{DDBC4DE8-B165-480A-8178-CB1D6060CCAE}.Release|Any CPU.ActiveCfg = Release|Any CPU
		{DDBC4DE8-B165-480A-8178-CB1D6060CCAE}.Release|Any CPU.Build.0 = Release|Any CPU
		{DA8F444D-2767-46CD-AD4A-F8B8BC187BDC}.Debug|Any CPU.ActiveCfg = Debug|Any CPU
		{DA8F444D-2767-46CD-AD4A-F8B8BC187BDC}.Debug|Any CPU.Build.0 = Debug|Any CPU
		{DA8F444D-2767-46CD-AD4A-F8B8BC187BDC}.Release|Any CPU.ActiveCfg = Release|Any CPU
		{DA8F444D-2767-46CD-AD4A-F8B8BC187BDC}.Release|Any CPU.Build.0 = Release|Any CPU
		{C7D988DE-28B1-4C32-B15F-2A11A4167C7D}.Debug|Any CPU.ActiveCfg = Debug|Any CPU
		{C7D988DE-28B1-4C32-B15F-2A11A4167C7D}.Debug|Any CPU.Build.0 = Debug|Any CPU
		{C7D988DE-28B1-4C32-B15F-2A11A4167C7D}.Release|Any CPU.ActiveCfg = Release|Any CPU
		{C7D988DE-28B1-4C32-B15F-2A11A4167C7D}.Release|Any CPU.Build.0 = Release|Any CPU
		{BC14DD4D-AE06-4D3D-89DC-BAA475DE9324}.Debug|Any CPU.ActiveCfg = Debug|Any CPU
		{BC14DD4D-AE06-4D3D-89DC-BAA475DE9324}.Debug|Any CPU.Build.0 = Debug|Any CPU
		{BC14DD4D-AE06-4D3D-89DC-BAA475DE9324}.Release|Any CPU.ActiveCfg = Release|Any CPU
		{BC14DD4D-AE06-4D3D-89DC-BAA475DE9324}.Release|Any CPU.Build.0 = Release|Any CPU
		{A7D2E2CC-5330-43CE-AE89-0B3D1E857025}.Debug|Any CPU.ActiveCfg = Debug|Any CPU
		{A7D2E2CC-5330-43CE-AE89-0B3D1E857025}.Debug|Any CPU.Build.0 = Debug|Any CPU
		{A7D2E2CC-5330-43CE-AE89-0B3D1E857025}.Release|Any CPU.ActiveCfg = Release|Any CPU
		{A7D2E2CC-5330-43CE-AE89-0B3D1E857025}.Release|Any CPU.Build.0 = Release|Any CPU
		{4EE7BF4C-7476-4AD4-8782-560146B1A281}.Debug|Any CPU.ActiveCfg = Debug|Any CPU
		{4EE7BF4C-7476-4AD4-8782-560146B1A281}.Debug|Any CPU.Build.0 = Debug|Any CPU
		{4EE7BF4C-7476-4AD4-8782-560146B1A281}.Release|Any CPU.ActiveCfg = Release|Any CPU
		{4EE7BF4C-7476-4AD4-8782-560146B1A281}.Release|Any CPU.Build.0 = Release|Any CPU
		{8D85F575-2029-4C6E-8211-248C64A0849E}.Debug|Any CPU.ActiveCfg = Debug|Any CPU
		{8D85F575-2029-4C6E-8211-248C64A0849E}.Debug|Any CPU.Build.0 = Debug|Any CPU
		{8D85F575-2029-4C6E-8211-248C64A0849E}.Release|Any CPU.ActiveCfg = Release|Any CPU
		{8D85F575-2029-4C6E-8211-248C64A0849E}.Release|Any CPU.Build.0 = Release|Any CPU
		{45BE1E21-1614-4C06-90EF-8BD94062C997}.Debug|Any CPU.ActiveCfg = Debug|Any CPU
		{45BE1E21-1614-4C06-90EF-8BD94062C997}.Debug|Any CPU.Build.0 = Debug|Any CPU
		{45BE1E21-1614-4C06-90EF-8BD94062C997}.Release|Any CPU.ActiveCfg = Release|Any CPU
		{45BE1E21-1614-4C06-90EF-8BD94062C997}.Release|Any CPU.Build.0 = Release|Any CPU
		{6C4000AB-6802-4630-B9C6-F350A19EE215}.Debug|Any CPU.ActiveCfg = Debug|Any CPU
		{6C4000AB-6802-4630-B9C6-F350A19EE215}.Debug|Any CPU.Build.0 = Debug|Any CPU
		{6C4000AB-6802-4630-B9C6-F350A19EE215}.Release|Any CPU.ActiveCfg = Release|Any CPU
		{6C4000AB-6802-4630-B9C6-F350A19EE215}.Release|Any CPU.Build.0 = Release|Any CPU
		{8CE3F294-35BC-46F0-836A-8FDD4D364B3E}.Debug|Any CPU.ActiveCfg = Debug|Any CPU
		{8CE3F294-35BC-46F0-836A-8FDD4D364B3E}.Debug|Any CPU.Build.0 = Debug|Any CPU
		{8CE3F294-35BC-46F0-836A-8FDD4D364B3E}.Release|Any CPU.ActiveCfg = Release|Any CPU
		{8CE3F294-35BC-46F0-836A-8FDD4D364B3E}.Release|Any CPU.Build.0 = Release|Any CPU
	EndGlobalSection
	GlobalSection(SolutionProperties) = preSolution
		HideSolutionNode = FALSE
	EndGlobalSection
	GlobalSection(NestedProjects) = preSolution
		{807BA857-1355-4FA7-BA6C-4C171C37A979} = {D5831AB2-02F1-4059-8E49-4533A714B47E}
		{B1620127-92B7-4245-99E2-A6CEB4EF1428} = {D5831AB2-02F1-4059-8E49-4533A714B47E}
		{DDBC4DE8-B165-480A-8178-CB1D6060CCAE} = {D5831AB2-02F1-4059-8E49-4533A714B47E}
		{DA8F444D-2767-46CD-AD4A-F8B8BC187BDC} = {D5831AB2-02F1-4059-8E49-4533A714B47E}
		{C7D988DE-28B1-4C32-B15F-2A11A4167C7D} = {0D47EDE0-0839-4B14-BFD4-A7048D87456F}
		{BC14DD4D-AE06-4D3D-89DC-BAA475DE9324} = {1A586AF8-BABC-4735-936E-7C87CD085EF6}
		{A7D2E2CC-5330-43CE-AE89-0B3D1E857025} = {1A586AF8-BABC-4735-936E-7C87CD085EF6}
		{4EE7BF4C-7476-4AD4-8782-560146B1A281} = {D5831AB2-02F1-4059-8E49-4533A714B47E}
		{8D85F575-2029-4C6E-8211-248C64A0849E} = {0D47EDE0-0839-4B14-BFD4-A7048D87456F}
		{45BE1E21-1614-4C06-90EF-8BD94062C997} = {1A586AF8-BABC-4735-936E-7C87CD085EF6}
		{6C4000AB-6802-4630-B9C6-F350A19EE215} = {D5831AB2-02F1-4059-8E49-4533A714B47E}
		{8CE3F294-35BC-46F0-836A-8FDD4D364B3E} = {70EDD87A-477E-407E-9CB4-09B3B277EF89}
	EndGlobalSection
	GlobalSection(ExtensibilityGlobals) = postSolution
		SolutionGuid = {64A43929-3D8F-4219-ACD3-AE1F31A1A316}
	EndGlobalSection
EndGlobal
